
Microsoft Visual Studio Solution File, Format Version 12.00
# Visual Studio 15
VisualStudioVersion = 15.0.27428.2005
MinimumVisualStudioVersion = 10.0.40219.1
Project("{8BC9CEB8-8B4A-11D0-8D11-00A0C91BC942}") = "Курсач конечный", "Курсач конечный\Курсач конечный.vcxproj", "{BAB9762F-98FB-4EE8-981A-205992DA7D46}"
EndProject
Global
	GlobalSection(SolutionConfigurationPlatforms) = preSolution
		Debug|x64 = Debug|x64
		Debug|x86 = Debug|x86
		Release|x64 = Release|x64
		Release|x86 = Release|x86
	EndGlobalSection
	GlobalSection(ProjectConfigurationPlatforms) = postSolution
		{BAB9762F-98FB-4EE8-981A-205992DA7D46}.Debug|x64.ActiveCfg = Debug|x64
		{BAB9762F-98FB-4EE8-981A-205992DA7D46}.Debug|x64.Build.0 = Debug|x64
		{BAB9762F-98FB-4EE8-981A-205992DA7D46}.Debug|x86.ActiveCfg = Debug|Win32
		{BAB9762F-98FB-4EE8-981A-205992DA7D46}.Debug|x86.Build.0 = Debug|Win32
		{BAB9762F-98FB-4EE8-981A-205992DA7D46}.Release|x64.ActiveCfg = Release|x64
		{BAB9762F-98FB-4EE8-981A-205992DA7D46}.Release|x64.Build.0 = Release|x64
		{BAB9762F-98FB-4EE8-981A-205992DA7D46}.Release|x86.ActiveCfg = Release|Win32
		{BAB9762F-98FB-4EE8-981A-205992DA7D46}.Release|x86.Build.0 = Release|Win32
	EndGlobalSection
	GlobalSection(SolutionProperties) = preSolution
		HideSolutionNode = FALSE
	EndGlobalSection
	GlobalSection(ExtensibilityGlobals) = postSolution
		SolutionGuid = {7FBE62B4-91FE-43B2-9D3C-FECD2CD029F3}
	EndGlobalSection
EndGlobal
